
Microsoft Visual Studio Solution File, Format Version 12.00
# Visual Studio Version 17
VisualStudioVersion = 17.11.35222.181
MinimumVisualStudioVersion = 10.0.40219.1
Project("{9A19103F-16F7-4668-BE54-9A1E7A4F7556}") = "ImagesToVideoCrafter", "ImagesToVideoCrafter\ImagesToVideoCrafter.csproj", "{995F2AC9-BD04-41AF-8673-7019C764A3ED}"
	ProjectSection(ProjectDependencies) = postProject
		{620A44FB-304A-41AF-8339-1F28ACCCA199} = {620A44FB-304A-41AF-8339-1F28ACCCA199}
		{AED5727C-0364-43A5-B782-8B18D9404FAF} = {AED5727C-0364-43A5-B782-8B18D9404FAF}
	EndProjectSection
EndProject
Project("{9A19103F-16F7-4668-BE54-9A1E7A4F7556}") = "ImagesToVideoCrafter_Core", "CrafterCore\ImagesToVideoCrafter_Core.csproj", "{AED5727C-0364-43A5-B782-8B18D9404FAF}"
	ProjectSection(ProjectDependencies) = postProject
		{620A44FB-304A-41AF-8339-1F28ACCCA199} = {620A44FB-304A-41AF-8339-1F28ACCCA199}
	EndProjectSection
EndProject
Project("{FAE04EC0-301F-11D3-BF4B-00C04F79EFBC}") = "ImagesToVideoCrafter_Options", "ImagesToVideoCrafter_Options\ImagesToVideoCrafter_Options.csproj", "{620A44FB-304A-41AF-8339-1F28ACCCA199}"
EndProject
Project("{FAE04EC0-301F-11D3-BF4B-00C04F79EFBC}") = "ImagesToVideoCrafter_ImageProcessor", "ImagesToVideoCrafter_ImageProcessor\ImagesToVideoCrafter_ImageProcessor.csproj", "{B769DB97-381C-42A6-823A-AF73518D7650}"
EndProject
Global
	GlobalSection(SolutionConfigurationPlatforms) = preSolution
		Debug|Any CPU = Debug|Any CPU
		Release|Any CPU = Release|Any CPU
	EndGlobalSection
	GlobalSection(ProjectConfigurationPlatforms) = postSolution
		{995F2AC9-BD04-41AF-8673-7019C764A3ED}.Debug|Any CPU.ActiveCfg = Debug|Any CPU
		{995F2AC9-BD04-41AF-8673-7019C764A3ED}.Debug|Any CPU.Build.0 = Debug|Any CPU
		{995F2AC9-BD04-41AF-8673-7019C764A3ED}.Release|Any CPU.ActiveCfg = Release|Any CPU
		{995F2AC9-BD04-41AF-8673-7019C764A3ED}.Release|Any CPU.Build.0 = Release|Any CPU
		{AED5727C-0364-43A5-B782-8B18D9404FAF}.Debug|Any CPU.ActiveCfg = Debug|Any CPU
		{AED5727C-0364-43A5-B782-8B18D9404FAF}.Debug|Any CPU.Build.0 = Debug|Any CPU
		{AED5727C-0364-43A5-B782-8B18D9404FAF}.Release|Any CPU.ActiveCfg = Release|Any CPU
		{AED5727C-0364-43A5-B782-8B18D9404FAF}.Release|Any CPU.Build.0 = Release|Any CPU
		{B769DB97-381C-42A6-823A-AF73518D7650}.Debug|Any CPU.ActiveCfg = Debug|Any CPU
		{B769DB97-381C-42A6-823A-AF73518D7650}.Debug|Any CPU.Build.0 = Debug|Any CPU
		{B769DB97-381C-42A6-823A-AF73518D7650}.Release|Any CPU.ActiveCfg = Release|Any CPU
		{B769DB97-381C-42A6-823A-AF73518D7650}.Release|Any CPU.Build.0 = Release|Any CPU
		{620A44FB-304A-41AF-8339-1F28ACCCA199}.Debug|Any CPU.ActiveCfg = Debug|Any CPU
		{620A44FB-304A-41AF-8339-1F28ACCCA199}.Debug|Any CPU.Build.0 = Debug|Any CPU
		{620A44FB-304A-41AF-8339-1F28ACCCA199}.Release|Any CPU.ActiveCfg = Release|Any CPU
		{620A44FB-304A-41AF-8339-1F28ACCCA199}.Release|Any CPU.Build.0 = Release|Any CPU
	EndGlobalSection
	GlobalSection(SolutionProperties) = preSolution
		HideSolutionNode = FALSE
	EndGlobalSection
	GlobalSection(ExtensibilityGlobals) = postSolution
		SolutionGuid = {82DC70F7-A9BF-443B-9F2B-64B504451105}
	EndGlobalSection
EndGlobal
